
Microsoft Visual Studio Solution File, Format Version 12.00
# Visual Studio Version 16
VisualStudioVersion = 16.0.31911.196
MinimumVisualStudioVersion = 10.0.40219.1
Project("{FAE04EC0-301F-11D3-BF4B-00C04F79EFBC}") = "ProjectPet", "ProjectPet\ProjectPet.csproj", "{FE5EAFDE-7586-477C-B49E-229758B3CC11}"
EndProject
Global
	GlobalSection(SolutionConfigurationPlatforms) = preSolution
		Debug|Any CPU = Debug|Any CPU
		Release|Any CPU = Release|Any CPU
	EndGlobalSection
	GlobalSection(ProjectConfigurationPlatforms) = postSolution
		{FE5EAFDE-7586-477C-B49E-229758B3CC11}.Debug|Any CPU.ActiveCfg = Debug|Any CPU
		{FE5EAFDE-7586-477C-B49E-229758B3CC11}.Debug|Any CPU.Build.0 = Debug|Any CPU
		{FE5EAFDE-7586-477C-B49E-229758B3CC11}.Release|Any CPU.ActiveCfg = Release|Any CPU
		{FE5EAFDE-7586-477C-B49E-229758B3CC11}.Release|Any CPU.Build.0 = Release|Any CPU
	EndGlobalSection
	GlobalSection(SolutionProperties) = preSolution
		HideSolutionNode = FALSE
	EndGlobalSection
	GlobalSection(ExtensibilityGlobals) = postSolution
		SolutionGuid = {B3AC1D52-179B-410A-864F-01A13FB07AF2}
	EndGlobalSection
EndGlobal
